
Microsoft Visual Studio Solution File, Format Version 12.00
# Visual Studio Version 16
VisualStudioVersion = 16.0.29613.14
MinimumVisualStudioVersion = 10.0.40219.1
Project("{FAE04EC0-301F-11D3-BF4B-00C04F79EFBC}") = "MagasinProduct", "MagasinProduct\MagasinProduct.csproj", "{D650BF41-3BF0-4DCB-BF36-23A7F2BBA190}"
EndProject
Global
	GlobalSection(SolutionConfigurationPlatforms) = preSolution
		Debug|Any CPU = Debug|Any CPU
		Release|Any CPU = Release|Any CPU
	EndGlobalSection
	GlobalSection(ProjectConfigurationPlatforms) = postSolution
		{D650BF41-3BF0-4DCB-BF36-23A7F2BBA190}.Debug|Any CPU.ActiveCfg = Debug|Any CPU
		{D650BF41-3BF0-4DCB-BF36-23A7F2BBA190}.Debug|Any CPU.Build.0 = Debug|Any CPU
		{D650BF41-3BF0-4DCB-BF36-23A7F2BBA190}.Release|Any CPU.ActiveCfg = Release|Any CPU
		{D650BF41-3BF0-4DCB-BF36-23A7F2BBA190}.Release|Any CPU.Build.0 = Release|Any CPU
	EndGlobalSection
	GlobalSection(SolutionProperties) = preSolution
		HideSolutionNode = FALSE
	EndGlobalSection
	GlobalSection(ExtensibilityGlobals) = postSolution
		SolutionGuid = {65461B01-641C-4F6C-9088-E996D497E004}
	EndGlobalSection
EndGlobal
